
Microsoft Visual Studio Solution File, Format Version 12.00
# Visual Studio Version 16
VisualStudioVersion = 16.0.31105.61
MinimumVisualStudioVersion = 10.0.40219.1
Project("{9A19103F-16F7-4668-BE54-9A1E7A4F7556}") = "BoxingClub.Web", "BoxingClub.WEB\BoxingClub.Web.csproj", "{4D86F5C4-033A-4E00-AF42-EEF090DE4E4E}"
EndProject
Project("{9A19103F-16F7-4668-BE54-9A1E7A4F7556}") = "BoxingClub.DAL.Implementation", "BoxingClub.DAL\BoxingClub.DAL.Implementation.csproj", "{A6A3A856-0B6D-430B-B32F-0AAD459CED88}"
EndProject
Project("{9A19103F-16F7-4668-BE54-9A1E7A4F7556}") = "BoxingClub.BLL.Implementation", "BoxingClub.BLL\BoxingClub.BLL.Implementation.csproj", "{9DD3557D-E864-409A-9C44-85FC65AD3E63}"
EndProject
Project("{9A19103F-16F7-4668-BE54-9A1E7A4F7556}") = "BoxingClub.Infrastructure", "BoxingClub.Infrastructure\BoxingClub.Infrastructure.csproj", "{E778A16A-9D3E-4E9E-9040-36219090F55B}"
EndProject
Project("{9A19103F-16F7-4668-BE54-9A1E7A4F7556}") = "BoxingClub.DAL.Interfaces", "BoxingClub.DAL.Interfaces\BoxingClub.DAL.Interfaces.csproj", "{C1E5171E-50BF-40CA-9B0B-A4B38A9A0104}"
EndProject
Project("{9A19103F-16F7-4668-BE54-9A1E7A4F7556}") = "BoxingClub.DAL.Entities", "BoxingClub.DAL.Entities\BoxingClub.DAL.Entities.csproj", "{65A946E1-6CF8-4AFF-BFEF-FE7AE5575207}"
EndProject
Project("{9A19103F-16F7-4668-BE54-9A1E7A4F7556}") = "BoxingClub.BLL.Interfaces", "BoxingClub.BLL.Interfaces\BoxingClub.BLL.Interfaces.csproj", "{4D941C3B-74A0-4EDC-A60B-E909E500CFCA}"
EndProject
Project("{9A19103F-16F7-4668-BE54-9A1E7A4F7556}") = "BoxingClub.BLL.DomainEntities", "BoxingClub.BLL.DomainEntities\BoxingClub.BLL.DomainEntities.csproj", "{D354D520-A84C-4DDD-A4B6-E4CBAB5C4F9B}"
EndProject
Project("{2150E333-8FDC-42A3-9474-1A3956D46DE8}") = "BoxingClub.DAL", "BoxingClub.DAL", "{9D33341B-1024-4D86-A88B-B1986191CCEE}"
EndProject
Project("{2150E333-8FDC-42A3-9474-1A3956D46DE8}") = "BoxingClub.BLL", "BoxingClub.BLL", "{305567E5-E451-4719-AE8A-DD4080225402}"
EndProject
Project("{9A19103F-16F7-4668-BE54-9A1E7A4F7556}") = "BoxingClub.BLL.UnitTests", "BoxingClub.BLL.UnitTests\BoxingClub.BLL.UnitTests.csproj", "{DC70B008-7571-4F74-BF13-50B2CEBA7A99}"
EndProject
Project("{9A19103F-16F7-4668-BE54-9A1E7A4F7556}") = "IdentityServer", "IdentityServer\IdentityServer.csproj", "{3899F9F7-67BD-451C-82DC-8319D4AB401A}"
EndProject
Project("{9A19103F-16F7-4668-BE54-9A1E7A4F7556}") = "IdentityServer.DAL.Entities", "IdentityServer.DAL.Entities\IdentityServer.DAL.Entities.csproj", "{3A32DA0B-261E-4CE3-9509-81A499B6A219}"
EndProject
Project("{2150E333-8FDC-42A3-9474-1A3956D46DE8}") = "AuthServer", "AuthServer", "{038B8A39-EB28-4110-AEA8-60BA8C150BB0}"
EndProject
Project("{2150E333-8FDC-42A3-9474-1A3956D46DE8}") = "IdentityServer.DAL", "IdentityServer.DAL", "{B938A402-EAFA-4AFE-BB50-EFD3F7B9BCE4}"
EndProject
Project("{9A19103F-16F7-4668-BE54-9A1E7A4F7556}") = "IdentityServer.DAL.Interfaces", "IdentityServer.DAL.Interfaces\IdentityServer.DAL.Interfaces.csproj", "{DA0CD84B-FED7-4753-8DF4-2B302DC3EFEC}"
EndProject
Project("{9A19103F-16F7-4668-BE54-9A1E7A4F7556}") = "IdentityServer.DAL.Implementation", "IdentityServer.DAL.Implementation\IdentityServer.DAL.Implementation.csproj", "{DC93421B-EF08-422F-BF65-31F23AD4B1D2}"
EndProject
Project("{2150E333-8FDC-42A3-9474-1A3956D46DE8}") = "IdentityServer.BLL", "IdentityServer.BLL", "{3E3819A9-39FC-43A5-A435-B5D3ED2A72E7}"
EndProject
Project("{9A19103F-16F7-4668-BE54-9A1E7A4F7556}") = "IdentityServer.BLL.Entities", "IdentityServer.BLL.Entities\IdentityServer.BLL.Entities.csproj", "{83A938C3-A63D-4BF8-993F-1D229825D717}"
EndProject
Project("{9A19103F-16F7-4668-BE54-9A1E7A4F7556}") = "IdentityServer.BLL.Interfaces", "IdentityServer.BLL.Interfaces\IdentityServer.BLL.Interfaces.csproj", "{FBE3C4B1-099C-4157-831C-07B74BA5BD25}"
EndProject
Project("{9A19103F-16F7-4668-BE54-9A1E7A4F7556}") = "IdentityServer.BLL.Implementation", "IdentityServer.BLL.Implementation\IdentityServer.BLL.Implementation.csproj", "{871B2B33-8D8A-4253-BA4A-7686B7D44F80}"
EndProject
Project("{FAE04EC0-301F-11D3-BF4B-00C04F79EFBC}") = "HttpClients", "HttpClients\HttpClients.csproj", "{F48DBFCD-01CB-4531-BF5F-8DEB1A982005}"
EndProject
Project("{FAE04EC0-301F-11D3-BF4B-00C04F79EFBC}") = "HttpClientAdapters", "HttpClientAdapters\HttpClientAdapters.csproj", "{C026CB29-1374-4267-A7EF-7D45D1A144C0}"
EndProject
Global
	GlobalSection(SolutionConfigurationPlatforms) = preSolution
		Debug|Any CPU = Debug|Any CPU
		Release|Any CPU = Release|Any CPU
	EndGlobalSection
	GlobalSection(ProjectConfigurationPlatforms) = postSolution
		{4D86F5C4-033A-4E00-AF42-EEF090DE4E4E}.Debug|Any CPU.ActiveCfg = Debug|Any CPU
		{4D86F5C4-033A-4E00-AF42-EEF090DE4E4E}.Debug|Any CPU.Build.0 = Debug|Any CPU
		{4D86F5C4-033A-4E00-AF42-EEF090DE4E4E}.Release|Any CPU.ActiveCfg = Release|Any CPU
		{4D86F5C4-033A-4E00-AF42-EEF090DE4E4E}.Release|Any CPU.Build.0 = Release|Any CPU
		{A6A3A856-0B6D-430B-B32F-0AAD459CED88}.Debug|Any CPU.ActiveCfg = Debug|Any CPU
		{A6A3A856-0B6D-430B-B32F-0AAD459CED88}.Debug|Any CPU.Build.0 = Debug|Any CPU
		{A6A3A856-0B6D-430B-B32F-0AAD459CED88}.Release|Any CPU.ActiveCfg = Release|Any CPU
		{A6A3A856-0B6D-430B-B32F-0AAD459CED88}.Release|Any CPU.Build.0 = Release|Any CPU
		{9DD3557D-E864-409A-9C44-85FC65AD3E63}.Debug|Any CPU.ActiveCfg = Debug|Any CPU
		{9DD3557D-E864-409A-9C44-85FC65AD3E63}.Debug|Any CPU.Build.0 = Debug|Any CPU
		{9DD3557D-E864-409A-9C44-85FC65AD3E63}.Release|Any CPU.ActiveCfg = Release|Any CPU
		{9DD3557D-E864-409A-9C44-85FC65AD3E63}.Release|Any CPU.Build.0 = Release|Any CPU
		{E778A16A-9D3E-4E9E-9040-36219090F55B}.Debug|Any CPU.ActiveCfg = Debug|Any CPU
		{E778A16A-9D3E-4E9E-9040-36219090F55B}.Debug|Any CPU.Build.0 = Debug|Any CPU
		{E778A16A-9D3E-4E9E-9040-36219090F55B}.Release|Any CPU.ActiveCfg = Release|Any CPU
		{E778A16A-9D3E-4E9E-9040-36219090F55B}.Release|Any CPU.Build.0 = Release|Any CPU
		{C1E5171E-50BF-40CA-9B0B-A4B38A9A0104}.Debug|Any CPU.ActiveCfg = Debug|Any CPU
		{C1E5171E-50BF-40CA-9B0B-A4B38A9A0104}.Debug|Any CPU.Build.0 = Debug|Any CPU
		{C1E5171E-50BF-40CA-9B0B-A4B38A9A0104}.Release|Any CPU.ActiveCfg = Release|Any CPU
		{C1E5171E-50BF-40CA-9B0B-A4B38A9A0104}.Release|Any CPU.Build.0 = Release|Any CPU
		{65A946E1-6CF8-4AFF-BFEF-FE7AE5575207}.Debug|Any CPU.ActiveCfg = Debug|Any CPU
		{65A946E1-6CF8-4AFF-BFEF-FE7AE5575207}.Debug|Any CPU.Build.0 = Debug|Any CPU
		{65A946E1-6CF8-4AFF-BFEF-FE7AE5575207}.Release|Any CPU.ActiveCfg = Release|Any CPU
		{65A946E1-6CF8-4AFF-BFEF-FE7AE5575207}.Release|Any CPU.Build.0 = Release|Any CPU
		{4D941C3B-74A0-4EDC-A60B-E909E500CFCA}.Debug|Any CPU.ActiveCfg = Debug|Any CPU
		{4D941C3B-74A0-4EDC-A60B-E909E500CFCA}.Debug|Any CPU.Build.0 = Debug|Any CPU
		{4D941C3B-74A0-4EDC-A60B-E909E500CFCA}.Release|Any CPU.ActiveCfg = Release|Any CPU
		{4D941C3B-74A0-4EDC-A60B-E909E500CFCA}.Release|Any CPU.Build.0 = Release|Any CPU
		{D354D520-A84C-4DDD-A4B6-E4CBAB5C4F9B}.Debug|Any CPU.ActiveCfg = Debug|Any CPU
		{D354D520-A84C-4DDD-A4B6-E4CBAB5C4F9B}.Debug|Any CPU.Build.0 = Debug|Any CPU
		{D354D520-A84C-4DDD-A4B6-E4CBAB5C4F9B}.Release|Any CPU.ActiveCfg = Release|Any CPU
		{D354D520-A84C-4DDD-A4B6-E4CBAB5C4F9B}.Release|Any CPU.Build.0 = Release|Any CPU
		{DC70B008-7571-4F74-BF13-50B2CEBA7A99}.Debug|Any CPU.ActiveCfg = Debug|Any CPU
		{DC70B008-7571-4F74-BF13-50B2CEBA7A99}.Debug|Any CPU.Build.0 = Debug|Any CPU
		{DC70B008-7571-4F74-BF13-50B2CEBA7A99}.Release|Any CPU.ActiveCfg = Release|Any CPU
		{DC70B008-7571-4F74-BF13-50B2CEBA7A99}.Release|Any CPU.Build.0 = Release|Any CPU
		{3899F9F7-67BD-451C-82DC-8319D4AB401A}.Debug|Any CPU.ActiveCfg = Debug|Any CPU
		{3899F9F7-67BD-451C-82DC-8319D4AB401A}.Debug|Any CPU.Build.0 = Debug|Any CPU
		{3899F9F7-67BD-451C-82DC-8319D4AB401A}.Release|Any CPU.ActiveCfg = Release|Any CPU
		{3899F9F7-67BD-451C-82DC-8319D4AB401A}.Release|Any CPU.Build.0 = Release|Any CPU
		{3A32DA0B-261E-4CE3-9509-81A499B6A219}.Debug|Any CPU.ActiveCfg = Debug|Any CPU
		{3A32DA0B-261E-4CE3-9509-81A499B6A219}.Debug|Any CPU.Build.0 = Debug|Any CPU
		{3A32DA0B-261E-4CE3-9509-81A499B6A219}.Release|Any CPU.ActiveCfg = Release|Any CPU
		{3A32DA0B-261E-4CE3-9509-81A499B6A219}.Release|Any CPU.Build.0 = Release|Any CPU
		{DA0CD84B-FED7-4753-8DF4-2B302DC3EFEC}.Debug|Any CPU.ActiveCfg = Debug|Any CPU
		{DA0CD84B-FED7-4753-8DF4-2B302DC3EFEC}.Debug|Any CPU.Build.0 = Debug|Any CPU
		{DA0CD84B-FED7-4753-8DF4-2B302DC3EFEC}.Release|Any CPU.ActiveCfg = Release|Any CPU
		{DA0CD84B-FED7-4753-8DF4-2B302DC3EFEC}.Release|Any CPU.Build.0 = Release|Any CPU
		{DC93421B-EF08-422F-BF65-31F23AD4B1D2}.Debug|Any CPU.ActiveCfg = Debug|Any CPU
		{DC93421B-EF08-422F-BF65-31F23AD4B1D2}.Debug|Any CPU.Build.0 = Debug|Any CPU
		{DC93421B-EF08-422F-BF65-31F23AD4B1D2}.Release|Any CPU.ActiveCfg = Release|Any CPU
		{DC93421B-EF08-422F-BF65-31F23AD4B1D2}.Release|Any CPU.Build.0 = Release|Any CPU
		{83A938C3-A63D-4BF8-993F-1D229825D717}.Debug|Any CPU.ActiveCfg = Debug|Any CPU
		{83A938C3-A63D-4BF8-993F-1D229825D717}.Debug|Any CPU.Build.0 = Debug|Any CPU
		{83A938C3-A63D-4BF8-993F-1D229825D717}.Release|Any CPU.ActiveCfg = Release|Any CPU
		{83A938C3-A63D-4BF8-993F-1D229825D717}.Release|Any CPU.Build.0 = Release|Any CPU
		{FBE3C4B1-099C-4157-831C-07B74BA5BD25}.Debug|Any CPU.ActiveCfg = Debug|Any CPU
		{FBE3C4B1-099C-4157-831C-07B74BA5BD25}.Debug|Any CPU.Build.0 = Debug|Any CPU
		{FBE3C4B1-099C-4157-831C-07B74BA5BD25}.Release|Any CPU.ActiveCfg = Release|Any CPU
		{FBE3C4B1-099C-4157-831C-07B74BA5BD25}.Release|Any CPU.Build.0 = Release|Any CPU
		{871B2B33-8D8A-4253-BA4A-7686B7D44F80}.Debug|Any CPU.ActiveCfg = Debug|Any CPU
		{871B2B33-8D8A-4253-BA4A-7686B7D44F80}.Debug|Any CPU.Build.0 = Debug|Any CPU
		{871B2B33-8D8A-4253-BA4A-7686B7D44F80}.Release|Any CPU.ActiveCfg = Release|Any CPU
		{871B2B33-8D8A-4253-BA4A-7686B7D44F80}.Release|Any CPU.Build.0 = Release|Any CPU
		{F48DBFCD-01CB-4531-BF5F-8DEB1A982005}.Debug|Any CPU.ActiveCfg = Debug|Any CPU
		{F48DBFCD-01CB-4531-BF5F-8DEB1A982005}.Debug|Any CPU.Build.0 = Debug|Any CPU
		{F48DBFCD-01CB-4531-BF5F-8DEB1A982005}.Release|Any CPU.ActiveCfg = Release|Any CPU
		{F48DBFCD-01CB-4531-BF5F-8DEB1A982005}.Release|Any CPU.Build.0 = Release|Any CPU
		{C026CB29-1374-4267-A7EF-7D45D1A144C0}.Debug|Any CPU.ActiveCfg = Debug|Any CPU
		{C026CB29-1374-4267-A7EF-7D45D1A144C0}.Debug|Any CPU.Build.0 = Debug|Any CPU
		{C026CB29-1374-4267-A7EF-7D45D1A144C0}.Release|Any CPU.ActiveCfg = Release|Any CPU
		{C026CB29-1374-4267-A7EF-7D45D1A144C0}.Release|Any CPU.Build.0 = Release|Any CPU
	EndGlobalSection
	GlobalSection(SolutionProperties) = preSolution
		HideSolutionNode = FALSE
	EndGlobalSection
	GlobalSection(NestedProjects) = preSolution
		{A6A3A856-0B6D-430B-B32F-0AAD459CED88} = {9D33341B-1024-4D86-A88B-B1986191CCEE}
		{9DD3557D-E864-409A-9C44-85FC65AD3E63} = {305567E5-E451-4719-AE8A-DD4080225402}
		{C1E5171E-50BF-40CA-9B0B-A4B38A9A0104} = {9D33341B-1024-4D86-A88B-B1986191CCEE}
		{65A946E1-6CF8-4AFF-BFEF-FE7AE5575207} = {9D33341B-1024-4D86-A88B-B1986191CCEE}
		{4D941C3B-74A0-4EDC-A60B-E909E500CFCA} = {305567E5-E451-4719-AE8A-DD4080225402}
		{D354D520-A84C-4DDD-A4B6-E4CBAB5C4F9B} = {305567E5-E451-4719-AE8A-DD4080225402}
		{DC70B008-7571-4F74-BF13-50B2CEBA7A99} = {305567E5-E451-4719-AE8A-DD4080225402}
		{3899F9F7-67BD-451C-82DC-8319D4AB401A} = {038B8A39-EB28-4110-AEA8-60BA8C150BB0}
		{3A32DA0B-261E-4CE3-9509-81A499B6A219} = {B938A402-EAFA-4AFE-BB50-EFD3F7B9BCE4}
		{B938A402-EAFA-4AFE-BB50-EFD3F7B9BCE4} = {038B8A39-EB28-4110-AEA8-60BA8C150BB0}
		{DA0CD84B-FED7-4753-8DF4-2B302DC3EFEC} = {B938A402-EAFA-4AFE-BB50-EFD3F7B9BCE4}
		{DC93421B-EF08-422F-BF65-31F23AD4B1D2} = {B938A402-EAFA-4AFE-BB50-EFD3F7B9BCE4}
		{3E3819A9-39FC-43A5-A435-B5D3ED2A72E7} = {038B8A39-EB28-4110-AEA8-60BA8C150BB0}
		{83A938C3-A63D-4BF8-993F-1D229825D717} = {3E3819A9-39FC-43A5-A435-B5D3ED2A72E7}
		{FBE3C4B1-099C-4157-831C-07B74BA5BD25} = {3E3819A9-39FC-43A5-A435-B5D3ED2A72E7}
		{871B2B33-8D8A-4253-BA4A-7686B7D44F80} = {3E3819A9-39FC-43A5-A435-B5D3ED2A72E7}
	EndGlobalSection
	GlobalSection(ExtensibilityGlobals) = postSolution
		SolutionGuid = {DD409C7A-0182-4B3D-BF4A-E4346355E957}
	EndGlobalSection
EndGlobal
